<?xml version="1.0" encoding="utf-8"?>
<Project ToolsVersion="12.0" xmlns="http://schemas.microsoft.com/developer/msbuild/2003">
  <ItemGroup>
    <Text Include="$(MSBuildThisFileDirectory)readme.txt" />
  </ItemGroup>
  <ItemGroup>
    <ClCompile Include="$(MSBuildThisFileDirectory)..\Modulator\Generator.cpp" />
    <ClCompile Include="$(MSBuildThisFileDirectory)..\Modulator\ArbitraryWaveform.cpp">
      <Filter>Waveforms</Filter>
    </ClCompile>
    <ClCompile Include="$(MSBuildThisFileDirectory)..\Modulator\CRC16.cpp">
      <Filter>Utility</Filter>
    </ClCompile>
    <ClCompile Include="$(MSBuildThisFileDirectory)..\Modulator\DemoWaveform.cpp">
      <Filter>Waveforms</Filter>
    </ClCompile>
    <ClCompile Include="$(MSBuildThisFileDirectory)..\Modulator\FixedWaveform.cpp">
      <Filter>Waveforms</Filter>
    </ClCompile>
    <ClCompile Include="$(MSBuildThisFileDirectory)..\Modulator\HiLowWaveform.cpp">
      <Filter>Waveforms</Filter>
    </ClCompile>
    <ClCompile Include="$(MSBuildThisFileDirectory)..\Modulator\PulseWaveform.cpp">
      <Filter>Waveforms</Filter>
    </ClCompile>
    <ClCompile Include="$(MSBuildThisFileDirectory)..\Modulator\SineWaveform.cpp">
      <Filter>Waveforms</Filter>
    </ClCompile>
    <ClCompile Include="$(MSBuildThisFileDirectory)..\Modulator\StairWaveform.cpp">
      <Filter>Waveforms</Filter>
    </ClCompile>
    <ClCompile Include="$(MSBuildThisFileDirectory)..\Modulator\TestWaveform.cpp">
      <Filter>Waveforms</Filter>
    </ClCompile>
    <ClCompile Include="$(MSBuildThisFileDirectory)..\Modulator\UniformWaveform.cpp">
      <Filter>Waveforms</Filter>
    </ClCompile>
    <ClCompile Include="$(MSBuildThisFileDirectory)..\Modulator\Waveform.cpp">
      <Filter>Waveforms</Filter>
    </ClCompile>
    <ClCompile Include="$(MSBuildThisFileDirectory)..\Modulator\WaveformPadded.cpp">
      <Filter>Waveforms</Filter>
    </ClCompile>
    <ClCompile Include="$(MSBuildThisFileDirectory)..\Modulator\WaveformSequence.cpp">
      <Filter>Waveforms</Filter>
    </ClCompile>
    <ClCompile Include="$(MSBuildThisFileDirectory)..\Modulator\PersistentSettings.cpp">
      <Filter>Utility</Filter>
    </ClCompile>
    <ClCompile Include="$(MSBuildThisFileDirectory)..\Modulator\SettingsStruct.cpp">
      <Filter>Utility</Filter>
    </ClCompile>
    <ClCompile Include="$(MSBuildThisFileDirectory)..\Modulator\ZeroingMode.cpp">
      <Filter>Utility</Filter>
    </ClCompile>
    <ClCompile Include="$(MSBuildThisFileDirectory)..\Modulator\CommandParser.cpp">
      <Filter>Commands</Filter>
    </ClCompile>
    <ClCompile Include="$(MSBuildThisFileDirectory)..\Modulator\CommandProcessing.cpp">
      <Filter>Commands</Filter>
    </ClCompile>
    <ClCompile Include="$(MSBuildThisFileDirectory)..\Modulator\CommandProcessing.Download.cpp">
      <Filter>Commands</Filter>
    </ClCompile>
    <ClCompile Include="$(MSBuildThisFileDirectory)..\Modulator\CommandProcessing.Help.cpp">
      <Filter>Commands</Filter>
    </ClCompile>
    <ClCompile Include="$(MSBuildThisFileDirectory)..\Modulator\CommandProcessing.SerialPolling.cpp">
      <Filter>Commands</Filter>
    </ClCompile>
    <ClCompile Include="$(MSBuildThisFileDirectory)..\Modulator\CommandProcessing.Tests.cpp">
      <Filter>Commands</Filter>
    </ClCompile>
    <ClCompile Include="$(MSBuildThisFileDirectory)..\Modulator\CommandProcessing.Waveforms.cpp">
      <Filter>Commands</Filter>
    </ClCompile>
  </ItemGroup>
  <ItemGroup>
    <ClInclude Include="$(MSBuildThisFileDirectory)..\Modulator\Generator.h" />
    <ClInclude Include="$(MSBuildThisFileDirectory)..\Modulator\AnalogWriter.h" />
    <ClInclude Include="$(MSBuildThisFileDirectory)..\Modulator\ArbitraryWaveform.h">
      <Filter>Waveforms</Filter>
    </ClInclude>
    <ClInclude Include="$(MSBuildThisFileDirectory)..\Modulator\Blinker.h">
      <Filter>Utility</Filter>
    </ClInclude>
    <ClInclude Include="$(MSBuildThisFileDirectory)..\Modulator\Blinker.OneShot.h">
      <Filter>Utility</Filter>
    </ClInclude>
    <ClInclude Include="$(MSBuildThisFileDirectory)..\Modulator\Button.h">
      <Filter>Utility</Filter>
    </ClInclude>
    <ClInclude Include="$(MSBuildThisFileDirectory)..\Modulator\Button.Repeating.h">
      <Filter>Utility</Filter>
    </ClInclude>
    <ClInclude Include="$(MSBuildThisFileDirectory)..\Modulator\Button.Toggle.h">
      <Filter>Utility</Filter>
    </ClInclude>
    <ClInclude Include="$(MSBuildThisFileDirectory)..\Modulator\CRC16.h">
      <Filter>Utility</Filter>
    </ClInclude>
    <ClInclude Include="$(MSBuildThisFileDirectory)..\Modulator\LedOneShot.h">
      <Filter>Utility</Filter>
    </ClInclude>
    <ClInclude Include="$(MSBuildThisFileDirectory)..\Modulator\PersistentSettings.h">
      <Filter>Utility</Filter>
    </ClInclude>
    <ClInclude Include="$(MSBuildThisFileDirectory)..\Modulator\DemoWaveform.h">
      <Filter>Waveforms</Filter>
    </ClInclude>
    <ClInclude Include="$(MSBuildThisFileDirectory)..\Modulator\FixedWaveform.h">
      <Filter>Waveforms</Filter>
    </ClInclude>
    <ClInclude Include="$(MSBuildThisFileDirectory)..\Modulator\HiLowWaveform.h">
      <Filter>Waveforms</Filter>
    </ClInclude>
    <ClInclude Include="$(MSBuildThisFileDirectory)..\Modulator\PulseWaveform.h">
      <Filter>Waveforms</Filter>
    </ClInclude>
    <ClInclude Include="$(MSBuildThisFileDirectory)..\Modulator\Sample.h">
      <Filter>Waveforms</Filter>
    </ClInclude>
    <ClInclude Include="$(MSBuildThisFileDirectory)..\Modulator\SineWaveform.h">
      <Filter>Waveforms</Filter>
    </ClInclude>
    <ClInclude Include="$(MSBuildThisFileDirectory)..\Modulator\StairWaveform.h">
      <Filter>Waveforms</Filter>
    </ClInclude>
    <ClInclude Include="$(MSBuildThisFileDirectory)..\Modulator\TestWaveform.h">
      <Filter>Waveforms</Filter>
    </ClInclude>
    <ClInclude Include="$(MSBuildThisFileDirectory)..\Modulator\UniformWaveform.h">
      <Filter>Waveforms</Filter>
    </ClInclude>
    <ClInclude Include="$(MSBuildThisFileDirectory)..\Modulator\Waveform.h">
      <Filter>Waveforms</Filter>
    </ClInclude>
    <ClInclude Include="$(MSBuildThisFileDirectory)..\Modulator\WaveformPadded.h">
      <Filter>Waveforms</Filter>
    </ClInclude>
    <ClInclude Include="$(MSBuildThisFileDirectory)..\Modulator\WaveformSequence.h">
      <Filter>Waveforms</Filter>
    </ClInclude>
    <ClInclude Include="$(MSBuildThisFileDirectory)..\Modulator\SettingsStruct.h">
      <Filter>Utility</Filter>
    </ClInclude>
    <ClInclude Include="$(MSBuildThisFileDirectory)..\Modulator\Stabalizer.h">
      <Filter>Utility</Filter>
    </ClInclude>
    <ClInclude Include="$(MSBuildThisFileDirectory)..\Modulator\ZeroingMode.h">
      <Filter>Utility</Filter>
    </ClInclude>
    <ClInclude Include="$(MSBuildThisFileDirectory)..\Modulator\CommandParser.h">
      <Filter>Commands</Filter>
    </ClInclude>
    <ClInclude Include="$(MSBuildThisFileDirectory)..\Modulator\CommandProcessing.h">
      <Filter>Commands</Filter>
    </ClInclude>
  </ItemGroup>
  <ItemGroup>
    <Filter Include="Waveforms">
      <UniqueIdentifier>{c5e77201-faa3-4345-881c-18d135f51a8a}</UniqueIdentifier>
    </Filter>
    <Filter Include="Commands">
      <UniqueIdentifier>{4ef6bd3c-0a2f-46d2-8003-4814c8b9b02d}</UniqueIdentifier>
    </Filter>
    <Filter Include="Utility">
      <UniqueIdentifier>{7d5bb27a-bd7c-4fff-afc8-7f943133d3fb}</UniqueIdentifier>
    </Filter>
  </ItemGroup>
</Project>