<?xml version="1.0" encoding="utf-8"?>
<Project ToolsVersion="4.0" xmlns="http://schemas.microsoft.com/developer/msbuild/2003">
  <ItemGroup>
    <Filter Include="Source Files">
      <UniqueIdentifier>{4FC737F1-C7A5-4376-A066-2A32D752A2FF}</UniqueIdentifier>
      <Extensions>cpp;c;cc;cxx;def;odl;idl;hpj;bat;asm;asmx</Extensions>
    </Filter>
    <Filter Include="Header Files">
      <UniqueIdentifier>{93995380-89BD-4b04-88EB-625FBE52EBFB}</UniqueIdentifier>
      <Extensions>h;hh;hpp;hxx;hm;inl;inc;xsd</Extensions>
    </Filter>
    <Filter Include="Resource Files">
      <UniqueIdentifier>{67DA6AB6-F800-4c08-8B7A-83BB121AAD01}</UniqueIdentifier>
      <Extensions>rc;ico;cur;bmp;dlg;rc2;rct;bin;rgs;gif;jpg;jpeg;jpe;resx;tiff;tif;png;wav;mfcribbon-ms</Extensions>
    </Filter>
  </ItemGroup>
  <ItemGroup>
    <ClInclude Include="CommandParser.h">
      <Filter>Header Files</Filter>
    </ClInclude>
    <ClInclude Include="CommandProcessing.h">
      <Filter>Header Files</Filter>
    </ClInclude>
    <ClInclude Include="Config.h">
      <Filter>Header Files</Filter>
    </ClInclude>
    <ClInclude Include="ZeroWaveform.h">
      <Filter>Header Files</Filter>
    </ClInclude>
    <ClInclude Include="ZeroingMode.h">
      <Filter>Header Files</Filter>
    </ClInclude>
    <ClInclude Include="WaveformSequence.h">
      <Filter>Header Files</Filter>
    </ClInclude>
    <ClInclude Include="WaveformPadded.h">
      <Filter>Header Files</Filter>
    </ClInclude>
    <ClInclude Include="Waveform.h">
      <Filter>Header Files</Filter>
    </ClInclude>
    <ClInclude Include="UniformWaveform.h">
      <Filter>Header Files</Filter>
    </ClInclude>
    <ClInclude Include="TestWaveform.h">
      <Filter>Header Files</Filter>
    </ClInclude>
    <ClInclude Include="StairWaveform.h">
      <Filter>Header Files</Filter>
    </ClInclude>
    <ClInclude Include="Stabalizer.h">
      <Filter>Header Files</Filter>
    </ClInclude>
    <ClInclude Include="SineWaveform.h">
      <Filter>Header Files</Filter>
    </ClInclude>
    <ClInclude Include="SettingsStruct.h">
      <Filter>Header Files</Filter>
    </ClInclude>
    <ClInclude Include="Sample.h">
      <Filter>Header Files</Filter>
    </ClInclude>
    <ClInclude Include="PulseWaveform.h">
      <Filter>Header Files</Filter>
    </ClInclude>
    <ClInclude Include="PersistentSettings.h">
      <Filter>Header Files</Filter>
    </ClInclude>
    <ClInclude Include="LedOneShot.h">
      <Filter>Header Files</Filter>
    </ClInclude>
    <ClInclude Include="Generator.h">
      <Filter>Header Files</Filter>
    </ClInclude>
    <ClInclude Include="FixedWaveform.h">
      <Filter>Header Files</Filter>
    </ClInclude>
    <ClInclude Include="DownloadableWaveform.h">
      <Filter>Header Files</Filter>
    </ClInclude>
    <ClInclude Include="DemoWaveform.h">
      <Filter>Header Files</Filter>
    </ClInclude>
    <ClInclude Include="CRC16.h">
      <Filter>Header Files</Filter>
    </ClInclude>
    <ClInclude Include="Button.Toggle.h">
      <Filter>Header Files</Filter>
    </ClInclude>
    <ClInclude Include="Button.Repeating.h">
      <Filter>Header Files</Filter>
    </ClInclude>
    <ClInclude Include="Button.h">
      <Filter>Header Files</Filter>
    </ClInclude>
    <ClInclude Include="Blinker.OneShot.h">
      <Filter>Header Files</Filter>
    </ClInclude>
    <ClInclude Include="Blinker.h">
      <Filter>Header Files</Filter>
    </ClInclude>
    <ClInclude Include="ArbitraryWaveform.h">
      <Filter>Header Files</Filter>
    </ClInclude>
    <ClInclude Include="AnalogWriter.h">
      <Filter>Header Files</Filter>
    </ClInclude>
    <ClInclude Include="AnalogReader.h">
      <Filter>Header Files</Filter>
    </ClInclude>
    <ClInclude Include="TeensyCellX.h">
      <Filter>Header Files</Filter>
    </ClInclude>
    <ClInclude Include="QuadMux.h">
      <Filter>Header Files</Filter>
    </ClInclude>
    <ClInclude Include="NameIdPair.h">
      <Filter>Header Files</Filter>
    </ClInclude>
    <ClInclude Include="AnalogWriterMux.h">
      <Filter>Header Files</Filter>
    </ClInclude>
    <ClInclude Include="ToggleMode.h">
      <Filter>Header Files</Filter>
    </ClInclude>
    <ClInclude Include="CellX_Demo.h">
      <Filter>Header Files</Filter>
    </ClInclude>
    <ClInclude Include="__vm\.CellX_Stimulator.vsarduino.h">
      <Filter>Header Files</Filter>
    </ClInclude>
    <ClInclude Include="CellX_Stimulator.h">
      <Filter>Header Files</Filter>
    </ClInclude>
    <ClInclude Include="TeensyMisc.h">
      <Filter>Header Files</Filter>
    </ClInclude>
    <ClInclude Include="PrintfAndTrace.h">
      <Filter>Header Files</Filter>
    </ClInclude>
    <ClInclude Include="PlayLoop.h">
      <Filter>Header Files</Filter>
    </ClInclude>
    <ClInclude Include="ActionWaveform.h">
      <Filter>Header Files</Filter>
    </ClInclude>
    <ClInclude Include="ICycleWaveform.h">
      <Filter>Header Files</Filter>
    </ClInclude>
    <ClInclude Include="UniformCycleWaveform.h">
      <Filter>Header Files</Filter>
    </ClInclude>
    <ClInclude Include="WaveformCycleSequence.h">
      <Filter>Header Files</Filter>
    </ClInclude>
  </ItemGroup>
  <ItemGroup>
    <ClCompile Include="CommandParser.cpp">
      <Filter>Source Files</Filter>
    </ClCompile>
    <ClCompile Include="CommandProcessing.cpp">
      <Filter>Source Files</Filter>
    </ClCompile>
    <ClCompile Include="CommandProcessing.Download.cpp">
      <Filter>Source Files</Filter>
    </ClCompile>
    <ClCompile Include="CommandProcessing.Help.cpp">
      <Filter>Source Files</Filter>
    </ClCompile>
    <ClCompile Include="CommandProcessing.SerialPolling.cpp">
      <Filter>Source Files</Filter>
    </ClCompile>
    <ClCompile Include="CommandProcessing.Tests.cpp">
      <Filter>Source Files</Filter>
    </ClCompile>
    <ClCompile Include="CommandProcessing.Waveforms.cpp">
      <Filter>Source Files</Filter>
    </ClCompile>
    <ClCompile Include="ZeroWaveform.cpp">
      <Filter>Source Files</Filter>
    </ClCompile>
    <ClCompile Include="ZeroingMode.cpp">
      <Filter>Source Files</Filter>
    </ClCompile>
    <ClCompile Include="WaveformSequence.cpp">
      <Filter>Source Files</Filter>
    </ClCompile>
    <ClCompile Include="WaveformPadded.cpp">
      <Filter>Source Files</Filter>
    </ClCompile>
    <ClCompile Include="Waveform.cpp">
      <Filter>Source Files</Filter>
    </ClCompile>
    <ClCompile Include="UniformWaveform.cpp">
      <Filter>Source Files</Filter>
    </ClCompile>
    <ClCompile Include="TestWaveform.cpp">
      <Filter>Source Files</Filter>
    </ClCompile>
    <ClCompile Include="StairWaveform.cpp">
      <Filter>Source Files</Filter>
    </ClCompile>
    <ClCompile Include="SineWaveform.cpp">
      <Filter>Source Files</Filter>
    </ClCompile>
    <ClCompile Include="SettingsStruct.cpp">
      <Filter>Source Files</Filter>
    </ClCompile>
    <ClCompile Include="PulseWaveform.cpp">
      <Filter>Source Files</Filter>
    </ClCompile>
    <ClCompile Include="PersistentSettings.cpp">
      <Filter>Source Files</Filter>
    </ClCompile>
    <ClCompile Include="FixedWaveform.cpp">
      <Filter>Source Files</Filter>
    </ClCompile>
    <ClCompile Include="DownloadableWaveform.cpp">
      <Filter>Source Files</Filter>
    </ClCompile>
    <ClCompile Include="DemoWaveform.cpp">
      <Filter>Source Files</Filter>
    </ClCompile>
    <ClCompile Include="CRC16.cpp">
      <Filter>Source Files</Filter>
    </ClCompile>
    <ClCompile Include="ArbitraryWaveform.cpp">
      <Filter>Source Files</Filter>
    </ClCompile>
    <ClCompile Include="TeensyCellX.cpp">
      <Filter>Source Files</Filter>
    </ClCompile>
    <ClCompile Include="CommandProcessing.CellX.cpp">
      <Filter>Source Files</Filter>
    </ClCompile>
    <ClCompile Include="CommandParser.ErrorReporting.cpp">
      <Filter>Source Files</Filter>
    </ClCompile>
    <ClCompile Include="CommandParser.CommandTable.cpp">
      <Filter>Source Files</Filter>
    </ClCompile>
    <ClCompile Include="ToggleMode.cpp">
      <Filter>Source Files</Filter>
    </ClCompile>
    <ClCompile Include="CellX_Demo.cpp">
      <Filter>Source Files</Filter>
    </ClCompile>
    <ClCompile Include="TeensyMisc.cpp">
      <Filter>Source Files</Filter>
    </ClCompile>
    <ClCompile Include="PrintfAndTrace.cpp">
      <Filter>Source Files</Filter>
    </ClCompile>
    <ClCompile Include="CommandProcessing.ReportError.cpp">
      <Filter>Source Files</Filter>
    </ClCompile>
  </ItemGroup>
  <ItemGroup>
    <None Include="CellX_Stimulator.ino" />
  </ItemGroup>
</Project>